
Microsoft Visual Studio Solution File, Format Version 12.00
# Visual Studio Version 17
VisualStudioVersion = 17.14.36623.8 d17.14
MinimumVisualStudioVersion = 10.0.40219.1
Project("{FAE04EC0-301F-11D3-BF4B-00C04F79EFBC}") = "PracticaFinal", "PracticaFinal\PracticaFinal.csproj", "{794E0B82-81ED-46B2-BDED-3DE88F9D294D}"
EndProject
Project("{FAE04EC0-301F-11D3-BF4B-00C04F79EFBC}") = "Models", "Models\Models.csproj", "{C31630B1-235D-4564-A99D-414EFE0825EF}"
EndProject
Global
	GlobalSection(SolutionConfigurationPlatforms) = preSolution
		Debug|Any CPU = Debug|Any CPU
		Release|Any CPU = Release|Any CPU
	EndGlobalSection
	GlobalSection(ProjectConfigurationPlatforms) = postSolution
		{794E0B82-81ED-46B2-BDED-3DE88F9D294D}.Debug|Any CPU.ActiveCfg = Debug|Any CPU
		{794E0B82-81ED-46B2-BDED-3DE88F9D294D}.Debug|Any CPU.Build.0 = Debug|Any CPU
		{794E0B82-81ED-46B2-BDED-3DE88F9D294D}.Release|Any CPU.ActiveCfg = Release|Any CPU
		{794E0B82-81ED-46B2-BDED-3DE88F9D294D}.Release|Any CPU.Build.0 = Release|Any CPU
		{C31630B1-235D-4564-A99D-414EFE0825EF}.Debug|Any CPU.ActiveCfg = Debug|Any CPU
		{C31630B1-235D-4564-A99D-414EFE0825EF}.Debug|Any CPU.Build.0 = Debug|Any CPU
		{C31630B1-235D-4564-A99D-414EFE0825EF}.Release|Any CPU.ActiveCfg = Release|Any CPU
		{C31630B1-235D-4564-A99D-414EFE0825EF}.Release|Any CPU.Build.0 = Release|Any CPU
	EndGlobalSection
	GlobalSection(SolutionProperties) = preSolution
		HideSolutionNode = FALSE
	EndGlobalSection
	GlobalSection(ExtensibilityGlobals) = postSolution
		SolutionGuid = {F5450F69-AF4C-46F3-AF58-C345D7C81562}
	EndGlobalSection
EndGlobal
